// !$*UTF8*$!
{
	archiveVersion = 1;
	classes = {
	};
	objectVersion = 50;
	objects = {

/* Begin PBXBuildFile section */
		1E0317F2247E284E00FFCDF6 /* AppDelegate.swift in Sources */ = {isa = PBXBuildFile; fileRef = 1E0317F1247E284E00FFCDF6 /* AppDelegate.swift */; };
		1E0317F4247E284E00FFCDF6 /* SceneDelegate.swift in Sources */ = {isa = PBXBuildFile; fileRef = 1E0317F3247E284E00FFCDF6 /* SceneDelegate.swift */; };
		1E0317F6247E284E00FFCDF6 /* ViewController.swift in Sources */ = {isa = PBXBuildFile; fileRef = 1E0317F5247E284E00FFCDF6 /* ViewController.swift */; };
		1E0317F9247E284E00FFCDF6 /* Main.storyboard in Resources */ = {isa = PBXBuildFile; fileRef = 1E0317F7247E284E00FFCDF6 /* Main.storyboard */; };
		1E0317FC247E284E00FFCDF6 /* RBChatApp.xcdatamodeld in Sources */ = {isa = PBXBuildFile; fileRef = 1E0317FA247E284E00FFCDF6 /* RBChatApp.xcdatamodeld */; };
		1E0317FE247E285000FFCDF6 /* Assets.xcassets in Resources */ = {isa = PBXBuildFile; fileRef = 1E0317FD247E285000FFCDF6 /* Assets.xcassets */; };
		1E031801247E285000FFCDF6 /* LaunchScreen.storyboard in Resources */ = {isa = PBXBuildFile; fileRef = 1E0317FF247E285000FFCDF6 /* LaunchScreen.storyboard */; };
		1E03180C247E285000FFCDF6 /* RBChatAppTests.swift in Sources */ = {isa = PBXBuildFile; fileRef = 1E03180B247E285000FFCDF6 /* RBChatAppTests.swift */; };
/* End PBXBuildFile section */

/* Begin PBXContainerItemProxy section */
		1E031808247E285000FFCDF6 /* PBXContainerItemProxy */ = {
			isa = PBXContainerItemProxy;
			containerPortal = 1E0317E6247E284E00FFCDF6 /* Project object */;
			proxyType = 1;
			remoteGlobalIDString = 1E0317ED247E284E00FFCDF6;
			remoteInfo = RBChatApp;
		};
/* End PBXContainerItemProxy section */

/* Begin PBXFileReference section */
		1E0317EE247E284E00FFCDF6 /* RBChatApp.app */ = {isa = PBXFileReference; explicitFileType = wrapper.application; includeInIndex = 0; path = RBChatApp.app; sourceTree = BUILT_PRODUCTS_DIR; };
		1E0317F1247E284E00FFCDF6 /* AppDelegate.swift */ = {isa = PBXFileReference; lastKnownFileType = sourcecode.swift; path = AppDelegate.swift; sourceTree = "<group>"; };
		1E0317F3247E284E00FFCDF6 /* SceneDelegate.swift */ = {isa = PBXFileReference; lastKnownFileType = sourcecode.swift; path = SceneDelegate.swift; sourceTree = "<group>"; };
		1E0317F5247E284E00FFCDF6 /* ViewController.swift */ = {isa = PBXFileReference; lastKnownFileType = sourcecode.swift; path = ViewController.swift; sourceTree = "<group>"; };
		1E0317F8247E284E00FFCDF6 /* Base */ = {isa = PBXFileReference; lastKnownFileType = file.storyboard; name = Base; path = Base.lproj/Main.storyboard; sourceTree = "<group>"; };
		1E0317FB247E284E00FFCDF6 /* RBChatApp.xcdatamodel */ = {isa = PBXFileReference; lastKnownFileType = wrapper.xcdatamodel; path = RBChatApp.xcdatamodel; sourceTree = "<group>"; };
		1E0317FD247E285000FFCDF6 /* Assets.xcassets */ = {isa = PBXFileReference; lastKnownFileType = folder.assetcatalog; path = Assets.xcassets; sourceTree = "<group>"; };
		1E031800247E285000FFCDF6 /* Base */ = {isa = PBXFileReference; lastKnownFileType = file.storyboard; name = Base; path = Base.lproj/LaunchScreen.storyboard; sourceTree = "<group>"; };
		1E031802247E285000FFCDF6 /* Info.plist */ = {isa = PBXFileReference; lastKnownFileType = text.plist.xml; path = Info.plist; sourceTree = "<group>"; };
		1E031807247E285000FFCDF6 /* RBChatAppTests.xctest */ = {isa = PBXFileReference; explicitFileType = wrapper.cfbundle; includeInIndex = 0; path = RBChatAppTests.xctest; sourceTree = BUILT_PRODUCTS_DIR; };
		1E03180B247E285000FFCDF6 /* RBChatAppTests.swift */ = {isa = PBXFileReference; lastKnownFileType = sourcecode.swift; path = RBChatAppTests.swift; sourceTree = "<group>"; };
		1E03180D247E285000FFCDF6 /* Info.plist */ = {isa = PBXFileReference; lastKnownFileType = text.plist.xml; path = Info.plist; sourceTree = "<group>"; };
/* End PBXFileReference section */

/* Begin PBXFrameworksBuildPhase section */
		1E0317EB247E284E00FFCDF6 /* Frameworks */ = {
			isa = PBXFrameworksBuildPhase;
			buildActionMask = 2147483647;
			files = (
			);
			runOnlyForDeploymentPostprocessing = 0;
		};
		1E031804247E285000FFCDF6 /* Frameworks */ = {
			isa = PBXFrameworksBuildPhase;
			buildActionMask = 2147483647;
			files = (
			);
			runOnlyForDeploymentPostprocessing = 0;
		};
/* End PBXFrameworksBuildPhase section */

/* Begin PBXGroup section */
		1E0317E5247E284E00FFCDF6 = {
			isa = PBXGroup;
			children = (
				1E0317F0247E284E00FFCDF6 /* RBChatApp */,
				1E03180A247E285000FFCDF6 /* RBChatAppTests */,
				1E0317EF247E284E00FFCDF6 /* Products */,
			);
			sourceTree = "<group>";
		};
		1E0317EF247E284E00FFCDF6 /* Products */ = {
			isa = PBXGroup;
			children = (
				1E0317EE247E284E00FFCDF6 /* RBChatApp.app */,
				1E031807247E285000FFCDF6 /* RBChatAppTests.xctest */,
			);
			name = Products;
			sourceTree = "<group>";
		};
		1E0317F0247E284E00FFCDF6 /* RBChatApp */ = {
			isa = PBXGroup;
			children = (
				1E0317F1247E284E00FFCDF6 /* AppDelegate.swift */,
				1E0317F3247E284E00FFCDF6 /* SceneDelegate.swift */,
				1E0317F5247E284E00FFCDF6 /* ViewController.swift */,
				1E0317F7247E284E00FFCDF6 /* Main.storyboard */,
				1E0317FD247E285000FFCDF6 /* Assets.xcassets */,
				1E0317FF247E285000FFCDF6 /* LaunchScreen.storyboard */,
				1E031802247E285000FFCDF6 /* Info.plist */,
				1E0317FA247E284E00FFCDF6 /* RBChatApp.xcdatamodeld */,
			);
			path = RBChatApp;
			sourceTree = "<group>";
		};
		1E03180A247E285000FFCDF6 /* RBChatAppTests */ = {
			isa = PBXGroup;
			children = (
				1E03180B247E285000FFCDF6 /* RBChatAppTests.swift */,
				1E03180D247E285000FFCDF6 /* Info.plist */,
			);
			path = RBChatAppTests;
			sourceTree = "<group>";
		};
/* End PBXGroup section */

/* Begin PBXNativeTarget section */
		1E0317ED247E284E00FFCDF6 /* RBChatApp */ = {
			isa = PBXNativeTarget;
			buildConfigurationList = 1E031810247E285000FFCDF6 /* Build configuration list for PBXNativeTarget "RBChatApp" */;
			buildPhases = (
				1E0317EA247E284E00FFCDF6 /* Sources */,
				1E0317EB247E284E00FFCDF6 /* Frameworks */,
				1E0317EC247E284E00FFCDF6 /* Resources */,
			);
			buildRules = (
			);
			dependencies = (
			);
			name = RBChatApp;
			productName = RBChatApp;
			productReference = 1E0317EE247E284E00FFCDF6 /* RBChatApp.app */;
			productType = "com.apple.product-type.application";
		};
		1E031806247E285000FFCDF6 /* RBChatAppTests */ = {
			isa = PBXNativeTarget;
			buildConfigurationList = 1E031813247E285000FFCDF6 /* Build configuration list for PBXNativeTarget "RBChatAppTests" */;
			buildPhases = (
				1E031803247E285000FFCDF6 /* Sources */,
				1E031804247E285000FFCDF6 /* Frameworks */,
				1E031805247E285000FFCDF6 /* Resources */,
			);
			buildRules = (
			);
			dependencies = (
				1E031809247E285000FFCDF6 /* PBXTargetDependency */,
			);
			name = RBChatAppTests;
			productName = RBChatAppTests;
			productReference = 1E031807247E285000FFCDF6 /* RBChatAppTests.xctest */;
			productType = "com.apple.product-type.bundle.unit-test";
		};
/* End PBXNativeTarget section */

/* Begin PBXProject section */
		1E0317E6247E284E00FFCDF6 /* Project object */ = {
			isa = PBXProject;
			attributes = {
				LastSwiftUpdateCheck = 1130;
				LastUpgradeCheck = 1130;
				ORGANIZATIONNAME = "Rajan Balana";
				TargetAttributes = {
					1E0317ED247E284E00FFCDF6 = {
						CreatedOnToolsVersion = 11.3.1;
					};
					1E031806247E285000FFCDF6 = {
						CreatedOnToolsVersion = 11.3.1;
						TestTargetID = 1E0317ED247E284E00FFCDF6;
					};
				};
			};
			buildConfigurationList = 1E0317E9247E284E00FFCDF6 /* Build configuration list for PBXProject "RBChatApp" */;
			compatibilityVersion = "Xcode 9.3";
			developmentRegion = en;
			hasScannedForEncodings = 0;
			knownRegions = (
				en,
				Base,
			);
			mainGroup = 1E0317E5247E284E00FFCDF6;
			productRefGroup = 1E0317EF247E284E00FFCDF6 /* Products */;
			projectDirPath = "";
			projectRoot = "";
			targets = (
				1E0317ED247E284E00FFCDF6 /* RBChatApp */,
				1E031806247E285000FFCDF6 /* RBChatAppTests */,
			);
		};
/* End PBXProject section */

/* Begin PBXResourcesBuildPhase section */
		1E0317EC247E284E00FFCDF6 /* Resources */ = {
			isa = PBXResourcesBuildPhase;
			buildActionMask = 2147483647;
			files = (
				1E031801247E285000FFCDF6 /* LaunchScreen.storyboard in Resources */,
				1E0317FE247E285000FFCDF6 /* Assets.xcassets in Resources */,
				1E0317F9247E284E00FFCDF6 /* Main.storyboard in Resources */,
			);
			runOnlyForDeploymentPostprocessing = 0;
		};
		1E031805247E285000FFCDF6 /* Resources */ = {
			isa = PBXResourcesBuildPhase;
			buildActionMask = 2147483647;
			files = (
			);
			runOnlyForDeploymentPostprocessing = 0;
		};
/* End PBXResourcesBuildPhase section */

/* Begin PBXSourcesBuildPhase section */
		1E0317EA247E284E00FFCDF6 /* Sources */ = {
			isa = PBXSourcesBuildPhase;
			buildActionMask = 2147483647;
			files = (
				1E0317F6247E284E00FFCDF6 /* ViewController.swift in Sources */,
				1E0317F2247E284E00FFCDF6 /* AppDelegate.swift in Sources */,
				1E0317F4247E284E00FFCDF6 /* SceneDelegate.swift in Sources */,
				1E0317FC247E284E00FFCDF6 /* RBChatApp.xcdatamodeld in Sources */,
			);
			runOnlyForDeploymentPostprocessing = 0;
		};
		1E031803247E285000FFCDF6 /* Sources */ = {
			isa = PBXSourcesBuildPhase;
			buildActionMask = 2147483647;
			files = (
				1E03180C247E285000FFCDF6 /* RBChatAppTests.swift in Sources */,
			);
			runOnlyForDeploymentPostprocessing = 0;
		};
/* End PBXSourcesBuildPhase section */

/* Begin PBXTargetDependency section */
		1E031809247E285000FFCDF6 /* PBXTargetDependency */ = {
			isa = PBXTargetDependency;
			target = 1E0317ED247E284E00FFCDF6 /* RBChatApp */;
			targetProxy = 1E031808247E285000FFCDF6 /* PBXContainerItemProxy */;
		};
/* End PBXTargetDependency section */

/* Begin PBXVariantGroup section */
		1E0317F7247E284E00FFCDF6 /* Main.storyboard */ = {
			isa = PBXVariantGroup;
			children = (
				1E0317F8247E284E00FFCDF6 /* Base */,
			);
			name = Main.storyboard;
			sourceTree = "<group>";
		};
		1E0317FF247E285000FFCDF6 /* LaunchScreen.storyboard */ = {
			isa = PBXVariantGroup;
			children = (
				1E031800247E285000FFCDF6 /* Base */,
			);
			name = LaunchScreen.storyboard;
			sourceTree = "<group>";
		};
/* End PBXVariantGroup section */

/* Begin XCBuildConfiguration section */
		1E03180E247E285000FFCDF6 /* Debug */ = {
			isa = XCBuildConfiguration;
			buildSettings = {
				ALWAYS_SEARCH_USER_PATHS = NO;
				CLANG_ANALYZER_NONNULL = YES;
				CLANG_ANALYZER_NUMBER_OBJECT_CONVERSION = YES_AGGRESSIVE;
				CLANG_CXX_LANGUAGE_STANDARD = "gnu++14";
				CLANG_CXX_LIBRARY = "libc++";
				CLANG_ENABLE_MODULES = YES;
				CLANG_ENABLE_OBJC_ARC = YES;
				CLANG_ENABLE_OBJC_WEAK = YES;
				CLANG_WARN_BLOCK_CAPTURE_AUTORELEASING = YES;
				CLANG_WARN_BOOL_CONVERSION = YES;
				CLANG_WARN_COMMA = YES;
				CLANG_WARN_CONSTANT_CONVERSION = YES;
				CLANG_WARN_DEPRECATED_OBJC_IMPLEMENTATIONS = YES;
				CLANG_WARN_DIRECT_OBJC_ISA_USAGE = YES_ERROR;
				CLANG_WARN_DOCUMENTATION_COMMENTS = YES;
				CLANG_WARN_EMPTY_BODY = YES;
				CLANG_WARN_ENUM_CONVERSION = YES;
				CLANG_WARN_INFINITE_RECURSION = YES;
				CLANG_WARN_INT_CONVERSION = YES;
				CLANG_WARN_NON_LITERAL_NULL_CONVERSION = YES;
				CLANG_WARN_OBJC_IMPLICIT_RETAIN_SELF = YES;
				CLANG_WARN_OBJC_LITERAL_CONVERSION = YES;
				CLANG_WARN_OBJC_ROOT_CLASS = YES_ERROR;
				CLANG_WARN_RANGE_LOOP_ANALYSIS = YES;
				CLANG_WARN_STRICT_PROTOTYPES = YES;
				CLANG_WARN_SUSPICIOUS_MOVE = YES;
				CLANG_WARN_UNGUARDED_AVAILABILITY = YES_AGGRESSIVE;
				CLANG_WARN_UNREACHABLE_CODE = YES;
				CLANG_WARN__DUPLICATE_METHOD_MATCH = YES;
				COPY_PHASE_STRIP = NO;
				DEBUG_INFORMATION_FORMAT = dwarf;
				ENABLE_STRICT_OBJC_MSGSEND = YES;
				ENABLE_TESTABILITY = YES;
				GCC_C_LANGUAGE_STANDARD = gnu11;
				GCC_DYNAMIC_NO_PIC = NO;
				GCC_NO_COMMON_BLOCKS = YES;
				GCC_OPTIMIZATION_LEVEL = 0;
				GCC_PREPROCESSOR_DEFINITIONS = (
					"DEBUG=1",
					"$(inherited)",
				);
				GCC_WARN_64_TO_32_BIT_CONVERSION = YES;
				GCC_WARN_ABOUT_RETURN_TYPE = YES_ERROR;
				GCC_WARN_UNDECLARED_SELECTOR = YES;
				GCC_WARN_UNINITIALIZED_AUTOS = YES_AGGRESSIVE;
				GCC_WARN_UNUSED_FUNCTION = YES;
				GCC_WARN_UNUSED_VARIABLE = YES;
				IPHONEOS_DEPLOYMENT_TARGET = 13.2;
				MTL_ENABLE_DEBUG_INFO = INCLUDE_SOURCE;
				MTL_FAST_MATH = YES;
				ONLY_ACTIVE_ARCH = YES;
				SDKROOT = iphoneos;
				SWIFT_ACTIVE_COMPILATION_CONDITIONS = DEBUG;
				SWIFT_OPTIMIZATION_LEVEL = "-Onone";
			};
			name = Debug;
		};
		1E03180F247E285000FFCDF6 /* Release */ = {
			isa = XCBuildConfiguration;
			buildSettings = {
				ALWAYS_SEARCH_USER_PATHS = NO;
				CLANG_ANALYZER_NONNULL = YES;
				CLANG_ANALYZER_NUMBER_OBJECT_CONVERSION = YES_AGGRESSIVE;
				CLANG_CXX_LANGUAGE_STANDARD = "gnu++14";
				CLANG_CXX_LIBRARY = "libc++";
				CLANG_ENABLE_MODULES = YES;
				CLANG_ENABLE_OBJC_ARC = YES;
				CLANG_ENABLE_OBJC_WEAK = YES;
				CLANG_WARN_BLOCK_CAPTURE_AUTORELEASING = YES;
				CLANG_WARN_BOOL_CONVERSION = YES;
				CLANG_WARN_COMMA = YES;
				CLANG_WARN_CONSTANT_CONVERSION = YES;
				CLANG_WARN_DEPRECATED_OBJC_IMPLEMENTATIONS = YES;
				CLANG_WARN_DIRECT_OBJC_ISA_USAGE = YES_ERROR;
				CLANG_WARN_DOCUMENTATION_COMMENTS = YES;
				CLANG_WARN_EMPTY_BODY = YES;
				CLANG_WARN_ENUM_CONVERSION = YES;
				CLANG_WARN_INFINITE_RECURSION = YES;
				CLANG_WARN_INT_CONVERSION = YES;
				CLANG_WARN_NON_LITERAL_NULL_CONVERSION = YES;
				CLANG_WARN_OBJC_IMPLICIT_RETAIN_SELF = YES;
				CLANG_WARN_OBJC_LITERAL_CONVERSION = YES;
				CLANG_WARN_OBJC_ROOT_CLASS = YES_ERROR;
				CLANG_WARN_RANGE_LOOP_ANALYSIS = YES;
				CLANG_WARN_STRICT_PROTOTYPES = YES;
				CLANG_WARN_SUSPICIOUS_MOVE = YES;
				CLANG_WARN_UNGUARDED_AVAILABILITY = YES_AGGRESSIVE;
				CLANG_WARN_UNREACHABLE_CODE = YES;
				CLANG_WARN__DUPLICATE_METHOD_MATCH = YES;
				COPY_PHASE_STRIP = NO;
				DEBUG_INFORMATION_FORMAT = "dwarf-with-dsym";
				ENABLE_NS_ASSERTIONS = NO;
				ENABLE_STRICT_OBJC_MSGSEND = YES;
				GCC_C_LANGUAGE_STANDARD = gnu11;
				GCC_NO_COMMON_BLOCKS = YES;
				GCC_WARN_64_TO_32_BIT_CONVERSION = YES;
				GCC_WARN_ABOUT_RETURN_TYPE = YES_ERROR;
				GCC_WARN_UNDECLARED_SELECTOR = YES;
				GCC_WARN_UNINITIALIZED_AUTOS = YES_AGGRESSIVE;
				GCC_WARN_UNUSED_FUNCTION = YES;
				GCC_WARN_UNUSED_VARIABLE = YES;
				IPHONEOS_DEPLOYMENT_TARGET = 13.2;
				MTL_ENABLE_DEBUG_INFO = NO;
				MTL_FAST_MATH = YES;
				SDKROOT = iphoneos;
				SWIFT_COMPILATION_MODE = wholemodule;
				SWIFT_OPTIMIZATION_LEVEL = "-O";
				VALIDATE_PRODUCT = YES;
			};
			name = Release;
		};
		1E031811247E285000FFCDF6 /* Debug */ = {
			isa = XCBuildConfiguration;
			buildSettings = {
				ASSETCATALOG_COMPILER_APPICON_NAME = AppIcon;
				CODE_SIGN_STYLE = Automatic;
				DEVELOPMENT_TEAM = WF7N7AAM95;
				INFOPLIST_FILE = RBChatApp/Info.plist;
				LD_RUNPATH_SEARCH_PATHS = (
					"$(inherited)",
					"@executable_path/Frameworks",
				);
				PRODUCT_BUNDLE_IDENTIFIER = com.unlockproduct.RBChatApp;
				PRODUCT_NAME = "$(TARGET_NAME)";
				SWIFT_VERSION = 5.0;
				TARGETED_DEVICE_FAMILY = "1,2";
			};
			name = Debug;
		};
		1E031812247E285000FFCDF6 /* Release */ = {
			isa = XCBuildConfiguration;
			buildSettings = {
				ASSETCATALOG_COMPILER_APPICON_NAME = AppIcon;
				CODE_SIGN_STYLE = Automatic;
				DEVELOPMENT_TEAM = WF7N7AAM95;
				INFOPLIST_FILE = RBChatApp/Info.plist;
				LD_RUNPATH_SEARCH_PATHS = (
					"$(inherited)",
					"@executable_path/Frameworks",
				);
				PRODUCT_BUNDLE_IDENTIFIER = com.unlockproduct.RBChatApp;
				PRODUCT_NAME = "$(TARGET_NAME)";
				SWIFT_VERSION = 5.0;
				TARGETED_DEVICE_FAMILY = "1,2";
			};
			name = Release;
		};
		1E031814247E285000FFCDF6 /* Debug */ = {
			isa = XCBuildConfiguration;
			buildSettings = {
				ALWAYS_EMBED_SWIFT_STANDARD_LIBRARIES = YES;
				BUNDLE_LOADER = "$(TEST_HOST)";
				CODE_SIGN_STYLE = Automatic;
				DEVELOPMENT_TEAM = WF7N7AAM95;
				INFOPLIST_FILE = RBChatAppTests/Info.plist;
				IPHONEOS_DEPLOYMENT_TARGET = 13.2;
				LD_RUNPATH_SEARCH_PATHS = (
					"$(inherited)",
					"@executable_path/Frameworks",
					"@loader_path/Frameworks",
				);
				PRODUCT_BUNDLE_IDENTIFIER = com.unlockproduct.RBChatAppTests;
				PRODUCT_NAME = "$(TARGET_NAME)";
				SWIFT_VERSION = 5.0;
				TARGETED_DEVICE_FAMILY = "1,2";
				TEST_HOST = "$(BUILT_PRODUCTS_DIR)/RBChatApp.app/RBChatApp";
			};
			name = Debug;
		};
		1E031815247E285000FFCDF6 /* Release */ = {
			isa = XCBuildConfiguration;
			buildSettings = {
				ALWAYS_EMBED_SWIFT_STANDARD_LIBRARIES = YES;
				BUNDLE_LOADER = "$(TEST_HOST)";
				CODE_SIGN_STYLE = Automatic;
				DEVELOPMENT_TEAM = WF7N7AAM95;
				INFOPLIST_FILE = RBChatAppTests/Info.plist;
				IPHONEOS_DEPLOYMENT_TARGET = 13.2;
				LD_RUNPATH_SEARCH_PATHS = (
					"$(inherited)",
					"@executable_path/Frameworks",
					"@loader_path/Frameworks",
				);
				PRODUCT_BUNDLE_IDENTIFIER = com.unlockproduct.RBChatAppTests;
				PRODUCT_NAME = "$(TARGET_NAME)";
				SWIFT_VERSION = 5.0;
				TARGETED_DEVICE_FAMILY = "1,2";
				TEST_HOST = "$(BUILT_PRODUCTS_DIR)/RBChatApp.app/RBChatApp";
			};
			name = Release;
		};
/* End XCBuildConfiguration section */

/* Begin XCConfigurationList section */
		1E0317E9247E284E00FFCDF6 /* Build configuration list for PBXProject "RBChatApp" */ = {
			isa = XCConfigurationList;
			buildConfigurations = (
				1E03180E247E285000FFCDF6 /* Debug */,
				1E03180F247E285000FFCDF6 /* Release */,
			);
			defaultConfigurationIsVisible = 0;
			defaultConfigurationName = Release;
		};
		1E031810247E285000FFCDF6 /* Build configuration list for PBXNativeTarget "RBChatApp" */ = {
			isa = XCConfigurationList;
			buildConfigurations = (
				1E031811247E285000FFCDF6 /* Debug */,
				1E031812247E285000FFCDF6 /* Release */,
			);
			defaultConfigurationIsVisible = 0;
			defaultConfigurationName = Release;
		};
		1E031813247E285000FFCDF6 /* Build configuration list for PBXNativeTarget "RBChatAppTests" */ = {
			isa = XCConfigurationList;
			buildConfigurations = (
				1E031814247E285000FFCDF6 /* Debug */,
				1E031815247E285000FFCDF6 /* Release */,
			);
			defaultConfigurationIsVisible = 0;
			defaultConfigurationName = Release;
		};
/* End XCConfigurationList section */

/* Begin XCVersionGroup section */
		1E0317FA247E284E00FFCDF6 /* RBChatApp.xcdatamodeld */ = {
			isa = XCVersionGroup;
			children = (
				1E0317FB247E284E00FFCDF6 /* RBChatApp.xcdatamodel */,
			);
			currentVersion = 1E0317FB247E284E00FFCDF6 /* RBChatApp.xcdatamodel */;
			path = RBChatApp.xcdatamodeld;
			sourceTree = "<group>";
			versionGroupType = wrapper.xcdatamodel;
		};
/* End XCVersionGroup section */
	};
	rootObject = 1E0317E6247E284E00FFCDF6 /* Project object */;
}
